<?xml version="1.0" encoding="utf-8"?>
<Project ToolsVersion="4.0" xmlns="http://schemas.microsoft.com/developer/msbuild/2003">
  <ItemGroup>
    <Filter Include="Source Files">
      <UniqueIdentifier>{4FC737F1-C7A5-4376-A066-2A32D752A2FF}</UniqueIdentifier>
      <Extensions>cpp;c;cc;cxx;def;odl;idl;hpj;bat;asm;asmx</Extensions>
    </Filter>
    <Filter Include="Header Files">
      <UniqueIdentifier>{93995380-89BD-4b04-88EB-625FBE52EBFB}</UniqueIdentifier>
      <Extensions>h;hh;hpp;hxx;hm;inl;inc;ipp;xsd</Extensions>
    </Filter>
    <Filter Include="Resource Files">
      <UniqueIdentifier>{67DA6AB6-F800-4c08-8B7A-83BB121AAD01}</UniqueIdentifier>
      <Extensions>rc;ico;cur;bmp;dlg;rc2;rct;bin;rgs;gif;jpg;jpeg;jpe;resx;tiff;tif;png;wav;mfcribbon-ms</Extensions>
    </Filter>
    <Filter Include="Header Files\Core">
      <UniqueIdentifier>{dca1a54c-5022-4dc1-b96b-0c17e1218d60}</UniqueIdentifier>
    </Filter>
    <Filter Include="Header Files\Core\Memory">
      <UniqueIdentifier>{7a8e31ac-c2f8-4a54-a108-0eadd26d427a}</UniqueIdentifier>
    </Filter>
    <Filter Include="Source Files\Core">
      <UniqueIdentifier>{b50aa7a7-5f72-45ff-9bef-705b6371a2e0}</UniqueIdentifier>
    </Filter>
    <Filter Include="Source Files\Core\Memory">
      <UniqueIdentifier>{1e003c31-c1dd-4b2b-b863-0b4a50e92928}</UniqueIdentifier>
    </Filter>
    <Filter Include="Header Files\Core\Math">
      <UniqueIdentifier>{7968f7e3-ac39-4265-8c62-03d3ad23a5ce}</UniqueIdentifier>
    </Filter>
    <Filter Include="Source Files\Core\Math">
      <UniqueIdentifier>{3a1f9f30-9468-49a9-9212-28cc3d38c37a}</UniqueIdentifier>
    </Filter>
    <Filter Include="Header Files\Core\IO">
      <UniqueIdentifier>{a4ab71c4-5ead-4932-83a3-35f5bf0df0ad}</UniqueIdentifier>
    </Filter>
    <Filter Include="Source Files\Core\IO">
      <UniqueIdentifier>{66b3af21-a737-42be-8f17-a9d61cbe5f01}</UniqueIdentifier>
    </Filter>
    <Filter Include="External">
      <UniqueIdentifier>{8b95cff9-f677-4bc0-8343-5640cbf7dcdc}</UniqueIdentifier>
    </Filter>
    <Filter Include="Header Files\Window">
      <UniqueIdentifier>{f2adfa81-baa5-4c18-a2d9-b495c9fcd27b}</UniqueIdentifier>
    </Filter>
    <Filter Include="Source Files\Window">
      <UniqueIdentifier>{f3d05e26-6a49-4362-bf7c-8f6b4b9d4701}</UniqueIdentifier>
    </Filter>
    <Filter Include="Header Files\Core\Time">
      <UniqueIdentifier>{9e2099da-9101-436b-9835-b015e6caeece}</UniqueIdentifier>
    </Filter>
    <Filter Include="Source Files\Core\Time">
      <UniqueIdentifier>{6bcc23b8-2641-4bfe-875f-80020f3ced89}</UniqueIdentifier>
    </Filter>
    <Filter Include="Header Files\Core\Config">
      <UniqueIdentifier>{b13e45ed-0a3f-47d5-ae63-8f37a6f56056}</UniqueIdentifier>
    </Filter>
    <Filter Include="Source Files\Core\Config">
      <UniqueIdentifier>{aefedaa3-5def-43ac-844f-7fc70431833a}</UniqueIdentifier>
    </Filter>
    <Filter Include="Header Files\Render">
      <UniqueIdentifier>{7dab1fbd-7632-4422-b29c-5a7fbb4424af}</UniqueIdentifier>
    </Filter>
    <Filter Include="Source Files\Render">
      <UniqueIdentifier>{94e1ca6a-3556-4a87-b582-9c35535de45d}</UniqueIdentifier>
    </Filter>
    <Filter Include="Header Files\ECS">
      <UniqueIdentifier>{ed174215-b032-4bf7-a16e-87c140c87ad5}</UniqueIdentifier>
    </Filter>
    <Filter Include="Source Files\ECS">
      <UniqueIdentifier>{3abb6b90-0033-4be1-8b35-3b9962c38049}</UniqueIdentifier>
    </Filter>
    <Filter Include="Source Files\ECS\Components">
      <UniqueIdentifier>{59a9cf53-16da-4fc1-8c37-88b10af92f29}</UniqueIdentifier>
    </Filter>
    <Filter Include="Header Files\ECS\Components">
      <UniqueIdentifier>{d6cc6071-9479-4029-8270-175de25f96cb}</UniqueIdentifier>
    </Filter>
    <Filter Include="Header Files\Input">
      <UniqueIdentifier>{2f42084d-e1e2-4341-b11e-50f1bcaede73}</UniqueIdentifier>
    </Filter>
    <Filter Include="Source Files\Input">
      <UniqueIdentifier>{a0e37d66-2366-4cd0-9c32-ac5ead3a9625}</UniqueIdentifier>
    </Filter>
    <Filter Include="Header Files\World">
      <UniqueIdentifier>{6dee01fc-86b5-48ce-b240-41f1c5477500}</UniqueIdentifier>
    </Filter>
    <Filter Include="Source Files\World">
      <UniqueIdentifier>{2d5d18b5-66d7-419b-a7d5-955bbcb2b8d7}</UniqueIdentifier>
    </Filter>
    <Filter Include="Header Files\Render\Material">
      <UniqueIdentifier>{06d7f07f-e58e-4df3-b7a4-452aee529dbd}</UniqueIdentifier>
    </Filter>
    <Filter Include="Source Files\Render\Material">
      <UniqueIdentifier>{c81239d6-599e-4a80-a4ae-4b5dfaa5b3c7}</UniqueIdentifier>
    </Filter>
    <Filter Include="Header Files\Render\UI">
      <UniqueIdentifier>{63e1ce34-2990-4ae0-9e10-fdb2bd557519}</UniqueIdentifier>
    </Filter>
    <Filter Include="Source Files\Render\UI">
      <UniqueIdentifier>{fb8f36b7-774a-4ad5-a253-f9c328fe84ea}</UniqueIdentifier>
    </Filter>
    <Filter Include="Header Files\Helpers">
      <UniqueIdentifier>{eb4ce34e-b7b8-4827-8e18-462b9d50a96c}</UniqueIdentifier>
    </Filter>
    <Filter Include="Source Files\Helpers">
      <UniqueIdentifier>{9771c5cf-ffce-4f5a-9231-8fb5eb73e54c}</UniqueIdentifier>
    </Filter>
    <Filter Include="Header Files\Resources">
      <UniqueIdentifier>{9588cbef-a7c1-4493-9c05-7b56ef9ddf34}</UniqueIdentifier>
    </Filter>
    <Filter Include="Header Files\Resources\ExampleScene">
      <UniqueIdentifier>{8494c84f-1d2d-4c42-82c4-9a1b42633018}</UniqueIdentifier>
    </Filter>
    <Filter Include="Header Files\Resources\ExampleScene\Scripts">
      <UniqueIdentifier>{fdf47e24-658a-42f5-85a6-56493b820a00}</UniqueIdentifier>
    </Filter>
    <Filter Include="Source Files\Resources">
      <UniqueIdentifier>{e4cbccae-6117-4b3c-b5c2-5519ccab2839}</UniqueIdentifier>
    </Filter>
    <Filter Include="Source Files\Resources\ExampleScene">
      <UniqueIdentifier>{0df6bbec-845f-44ba-8f11-6573e2926390}</UniqueIdentifier>
    </Filter>
    <Filter Include="Source Files\Resources\ExampleScene\Scripts">
      <UniqueIdentifier>{64cfe10e-7f30-4958-b72e-f4b6e0ce5f40}</UniqueIdentifier>
    </Filter>
    <Filter Include="Header Files\Resources\Types">
      <UniqueIdentifier>{01c99613-f90b-402d-8a47-8bdfdc81671a}</UniqueIdentifier>
    </Filter>
    <Filter Include="Source Files\Resources\Types">
      <UniqueIdentifier>{ab82d871-e781-4c7d-9cd4-a1b1d41a49b6}</UniqueIdentifier>
    </Filter>
    <Filter Include="Header Files\Platform">
      <UniqueIdentifier>{bef0d0e6-3210-4193-bacb-f4e8d47b07ad}</UniqueIdentifier>
    </Filter>
    <Filter Include="Header Files\Platform\Windows">
      <UniqueIdentifier>{6a223438-daff-4226-b810-2e59594a7f96}</UniqueIdentifier>
    </Filter>
    <Filter Include="Source Files\Platform">
      <UniqueIdentifier>{c95f46d9-c8a1-4156-842f-b4551f0268b3}</UniqueIdentifier>
    </Filter>
    <Filter Include="Source Files\Platform\Windows">
      <UniqueIdentifier>{d467ca8f-092b-41cd-a7d2-83e68d8f302d}</UniqueIdentifier>
    </Filter>
    <Filter Include="Header Files\Render\D3D11">
      <UniqueIdentifier>{d4bd1e92-039a-476f-9220-ae1c63922255}</UniqueIdentifier>
    </Filter>
    <Filter Include="Source Files\Render\D3D11">
      <UniqueIdentifier>{5b3cb10b-3d17-4a91-86d5-8f7094b1fdca}</UniqueIdentifier>
    </Filter>
    <Filter Include="Source Files\Render\OpenGL">
      <UniqueIdentifier>{a0ea54ad-4650-45ab-a660-b1288602a9cb}</UniqueIdentifier>
    </Filter>
    <Filter Include="Header Files\Render\OpenGL">
      <UniqueIdentifier>{cd3165e8-d6b0-429f-969b-c09cd8512aae}</UniqueIdentifier>
    </Filter>
    <Filter Include="Shaders">
      <UniqueIdentifier>{8e677bf0-0fb7-4db7-88c3-88e554fcc604}</UniqueIdentifier>
    </Filter>
    <Filter Include="Header Files\Render\D3D11\Bindables">
      <UniqueIdentifier>{80484a00-b9a4-44dc-bd42-a76262e6ebde}</UniqueIdentifier>
    </Filter>
    <Filter Include="Source Files\Render\D3D11\Bindables">
      <UniqueIdentifier>{85e2539d-a3ff-4887-b8c4-280667d3e3eb}</UniqueIdentifier>
    </Filter>
    <Filter Include="Header Files\Core\DataStructures">
      <UniqueIdentifier>{d356ba39-657f-42e3-a596-2d1c8fa4b557}</UniqueIdentifier>
    </Filter>
    <Filter Include="Source Files\Core\DataStructures">
      <UniqueIdentifier>{393a68c0-8172-460f-943e-f7733abe4639}</UniqueIdentifier>
    </Filter>
  </ItemGroup>
  <ItemGroup>
    <ClCompile Include="Core\Memory\StackAllocator.cpp">
      <Filter>Source Files\Core\Memory</Filter>
    </ClCompile>
    <ClCompile Include="Core\Memory\PoolAllocator.cpp">
      <Filter>Source Files\Core\Memory</Filter>
    </ClCompile>
    <ClCompile Include="Core\Math\Vector4.cpp">
      <Filter>Source Files\Core\Math</Filter>
    </ClCompile>
    <ClCompile Include="Core\IO\FileSystem.cpp">
      <Filter>Source Files\Core\IO</Filter>
    </ClCompile>
    <ClCompile Include="Core\Math\Vector3.cpp">
      <Filter>Source Files\Core\Math</Filter>
    </ClCompile>
    <ClCompile Include="Core\Math\Matrix4.cpp">
      <Filter>Source Files\Core\Math</Filter>
    </ClCompile>
    <ClCompile Include="Core\Math\TMath.cpp">
      <Filter>Source Files\Core\Math</Filter>
    </ClCompile>
    <ClCompile Include="Core\Math\Quat.cpp">
      <Filter>Source Files\Core\Math</Filter>
    </ClCompile>
    <ClCompile Include="..\..\Libs\glad\src\glad.c">
      <Filter>External</Filter>
    </ClCompile>
    <ClCompile Include="Window\WindowManager.cpp">
      <Filter>Source Files\Window</Filter>
    </ClCompile>
    <ClCompile Include="Core\Time\Clock.cpp">
      <Filter>Source Files\Core\Time</Filter>
    </ClCompile>
    <ClCompile Include="Core\Config\Config.cpp">
      <Filter>Source Files\Core\Config</Filter>
    </ClCompile>
    <ClCompile Include="Core\Config\ConfigVar.cpp">
      <Filter>Source Files\Core\Config</Filter>
    </ClCompile>
    <ClCompile Include="Core\Memory\Memory.cpp">
      <Filter>Source Files\Core\Memory</Filter>
    </ClCompile>
    <ClCompile Include="External\stb_image.cpp">
      <Filter>External</Filter>
    </ClCompile>
    <ClCompile Include="Core\Math\Vector2.cpp">
      <Filter>Source Files\Core\Math</Filter>
    </ClCompile>
    <ClCompile Include="Input\InputSystem.cpp">
      <Filter>Source Files\Input</Filter>
    </ClCompile>
    <ClCompile Include="Input\Input.cpp">
      <Filter>Source Files\Input</Filter>
    </ClCompile>
    <ClCompile Include="ECS\EntityManager.cpp">
      <Filter>Source Files\ECS</Filter>
    </ClCompile>
    <ClCompile Include="ECS\Archetype.cpp">
      <Filter>Source Files\ECS</Filter>
    </ClCompile>
    <ClCompile Include="ECS\Metatype.cpp">
      <Filter>Source Files\ECS</Filter>
    </ClCompile>
    <ClCompile Include="ECS\DataChunk.cpp">
      <Filter>Source Files\ECS</Filter>
    </ClCompile>
    <ClCompile Include="World\World.cpp">
      <Filter>Source Files\World</Filter>
    </ClCompile>
    <ClCompile Include="World\WorldScript.cpp">
      <Filter>Source Files\World</Filter>
    </ClCompile>
    <ClCompile Include="World\WorldSystem.cpp">
      <Filter>Source Files\World</Filter>
    </ClCompile>
    <ClCompile Include="Render\UI\Font.cpp">
      <Filter>Source Files\Render\UI</Filter>
    </ClCompile>
    <ClCompile Include="Render\UI\Character.cpp">
      <Filter>Source Files\Render\UI</Filter>
    </ClCompile>
    <ClCompile Include="Core\Math\Vector2Int.cpp">
      <Filter>Source Files\Core\Math</Filter>
    </ClCompile>
    <ClCompile Include="Helpers\Debug.cpp">
      <Filter>Source Files\Helpers</Filter>
    </ClCompile>
    <ClCompile Include="Render\Material\Shaders.cpp">
      <Filter>Source Files\Render\Material</Filter>
    </ClCompile>
    <ClCompile Include="Resources\ExampleScene\Scripts\MoveCamera.cpp">
      <Filter>Source Files\Resources\ExampleScene\Scripts</Filter>
    </ClCompile>
    <ClCompile Include="Resources\Resource.cpp">
      <Filter>Source Files\Resources</Filter>
    </ClCompile>
    <ClCompile Include="Resources\ResourceImporter.cpp">
      <Filter>Source Files\Resources</Filter>
    </ClCompile>
    <ClCompile Include="Resources\ResourceLoader.cpp">
      <Filter>Source Files\Resources</Filter>
    </ClCompile>
    <ClCompile Include="Resources\TextureImporter.cpp">
      <Filter>Source Files\Resources</Filter>
    </ClCompile>
    <ClCompile Include="Resources\Types\Texture.cpp">
      <Filter>Source Files\Resources\Types</Filter>
    </ClCompile>
    <ClCompile Include="Resources\Types\Material.cpp">
      <Filter>Source Files\Resources\Types</Filter>
    </ClCompile>
    <ClCompile Include="Resources\Types\Mesh.cpp">
      <Filter>Source Files\Resources\Types</Filter>
    </ClCompile>
    <ClCompile Include="Resources\Types\Model.cpp">
      <Filter>Source Files\Resources\Types</Filter>
    </ClCompile>
    <ClCompile Include="Resources\ModelImporter.cpp">
      <Filter>Source Files\Resources</Filter>
    </ClCompile>
    <ClCompile Include="Render\D3D11\D3D11Renderer.cpp">
      <Filter>Source Files\Render\D3D11</Filter>
    </ClCompile>
    <ClCompile Include="Render\OpenGL\GLMeshInstance.cpp">
      <Filter>Source Files\Render\OpenGL</Filter>
    </ClCompile>
    <ClCompile Include="Render\OpenGL\GLRenderer.cpp">
      <Filter>Source Files\Render\OpenGL</Filter>
    </ClCompile>
    <ClCompile Include="Render\OpenGL\GLTextureInfo.cpp">
      <Filter>Source Files\Render\OpenGL</Filter>
    </ClCompile>
    <ClCompile Include="Platform\Windows\WindowsOS.cpp">
      <Filter>Source Files\Platform\Windows</Filter>
    </ClCompile>
    <ClCompile Include="Core\Exception.cpp">
      <Filter>Source Files\Core</Filter>
    </ClCompile>
    <ClCompile Include="WinMain.cpp">
      <Filter>Source Files</Filter>
    </ClCompile>
    <ClCompile Include="Platform\Windows\Keyboard.cpp">
      <Filter>Source Files\Platform\Windows</Filter>
    </ClCompile>
    <ClCompile Include="Platform\Windows\Mouse.cpp">
      <Filter>Source Files\Platform\Windows</Filter>
    </ClCompile>
    <ClCompile Include="Render\D3D11\DXInfoManager.cpp">
      <Filter>Source Files\Render\D3D11</Filter>
    </ClCompile>
    <ClCompile Include="Platform\Windows\WinExceptions.cpp">
      <Filter>Source Files\Platform\Windows</Filter>
    </ClCompile>
    <ClCompile Include="Render\D3D11\DXMeshInstance.cpp">
      <Filter>Source Files\Render\D3D11</Filter>
    </ClCompile>
    <ClCompile Include="Render\D3D11\Bindables\Bindable.cpp">
      <Filter>Source Files\Render\D3D11\Bindables</Filter>
    </ClCompile>
    <ClCompile Include="Render\D3D11\Bindables\DXVertexBuffer.cpp">
      <Filter>Source Files\Render\D3D11\Bindables</Filter>
    </ClCompile>
    <ClCompile Include="Render\D3D11\Bindables\DXVertexShader.cpp">
      <Filter>Source Files\Render\D3D11\Bindables</Filter>
    </ClCompile>
    <ClCompile Include="Render\D3D11\Bindables\DXPixelShader.cpp">
      <Filter>Source Files\Render\D3D11\Bindables</Filter>
    </ClCompile>
    <ClCompile Include="Render\D3D11\Bindables\DXConstantBuffer.cpp">
      <Filter>Source Files\Render\D3D11\Bindables</Filter>
    </ClCompile>
    <ClCompile Include="Render\D3D11\Bindables\DXInputLayout.cpp">
      <Filter>Source Files\Render\D3D11\Bindables</Filter>
    </ClCompile>
    <ClCompile Include="Render\D3D11\Bindables\DXShader.cpp">
      <Filter>Source Files\Render\D3D11\Bindables</Filter>
    </ClCompile>
    <ClCompile Include="Render\D3D11\Bindables\DXIndexBuffer.cpp">
      <Filter>Source Files\Render\D3D11\Bindables</Filter>
    </ClCompile>
    <ClCompile Include="Render\D3D11\Bindables\DXTexture.cpp">
      <Filter>Source Files\Render\D3D11\Bindables</Filter>
    </ClCompile>
    <ClCompile Include="Render\D3D11\Bindables\DXSampler.cpp">
      <Filter>Source Files\Render\D3D11\Bindables</Filter>
    </ClCompile>
    <ClCompile Include="Input\InputEvent.cpp">
      <Filter>Source Files\Input</Filter>
    </ClCompile>
    <ClCompile Include="Helpers\DebugUIRenderer.cpp">
      <Filter>Source Files\Helpers</Filter>
    </ClCompile>
    <ClCompile Include="Core\Memory\HeapAllocator.cpp">
      <Filter>Source Files\Core\Memory</Filter>
    </ClCompile>
    <ClCompile Include="Core\DataStructures\ArrayChain.cpp">
      <Filter>Source Files\Core\DataStructures</Filter>
    </ClCompile>
    <ClCompile Include="Engine.cpp">
      <Filter>Source Files</Filter>
    </ClCompile>
    <ClCompile Include="Core\Memory\RBTree.cpp">
      <Filter>Source Files\Core\Memory</Filter>
    </ClCompile>
  </ItemGroup>
  <ItemGroup>
    <ClInclude Include="Core\PortableTypes.h">
      <Filter>Header Files\Core</Filter>
    </ClInclude>
    <ClInclude Include="Core\Memory\PoolAllocator.h">
      <Filter>Header Files\Core\Memory</Filter>
    </ClInclude>
    <ClInclude Include="Core\Memory\StackAllocator.h">
      <Filter>Header Files\Core\Memory</Filter>
    </ClInclude>
    <ClInclude Include="Core\Math\Vector4.h">
      <Filter>Header Files\Core\Math</Filter>
    </ClInclude>
    <ClInclude Include="Core\IO\FileSystem.h">
      <Filter>Header Files\Core\IO</Filter>
    </ClInclude>
    <ClInclude Include="Core\Math\Vector3.h">
      <Filter>Header Files\Core\Math</Filter>
    </ClInclude>
    <ClInclude Include="Core\Math\Matrix4.h">
      <Filter>Header Files\Core\Math</Filter>
    </ClInclude>
    <ClInclude Include="Core\Math\TMath.h">
      <Filter>Header Files\Core\Math</Filter>
    </ClInclude>
    <ClInclude Include="Core\Math\Quat.h">
      <Filter>Header Files\Core\Math</Filter>
    </ClInclude>
    <ClInclude Include="Core\Core.h">
      <Filter>Header Files\Core</Filter>
    </ClInclude>
    <ClInclude Include="Window\WindowManager.h">
      <Filter>Header Files\Window</Filter>
    </ClInclude>
    <ClInclude Include="Core\Time\Clock.h">
      <Filter>Header Files\Core\Time</Filter>
    </ClInclude>
    <ClInclude Include="Core\Config\Config.h">
      <Filter>Header Files\Core\Config</Filter>
    </ClInclude>
    <ClInclude Include="Core\Config\ConfigVar.h">
      <Filter>Header Files\Core\Config</Filter>
    </ClInclude>
    <ClInclude Include="Core\Memory\Memory.h">
      <Filter>Header Files\Core\Memory</Filter>
    </ClInclude>
    <ClInclude Include="External\stb_image.h">
      <Filter>External</Filter>
    </ClInclude>
    <ClInclude Include="ECS\Components\MeshComponent.h">
      <Filter>Header Files\ECS\Components</Filter>
    </ClInclude>
    <ClInclude Include="Core\Math\Vector2.h">
      <Filter>Header Files\Core\Math</Filter>
    </ClInclude>
    <ClInclude Include="ECS\Components\Transform.h">
      <Filter>Header Files\ECS\Components</Filter>
    </ClInclude>
    <ClInclude Include="Input\InputSystem.h">
      <Filter>Header Files\Input</Filter>
    </ClInclude>
    <ClInclude Include="Input\Input.h">
      <Filter>Header Files\Input</Filter>
    </ClInclude>
    <ClInclude Include="Input\KeyCode.h">
      <Filter>Header Files\Input</Filter>
    </ClInclude>
    <ClInclude Include="ECS\EntityManager.h">
      <Filter>Header Files\ECS</Filter>
    </ClInclude>
    <ClInclude Include="ECS\Metatype.h">
      <Filter>Header Files\ECS</Filter>
    </ClInclude>
    <ClInclude Include="ECS\DataChunk.h">
      <Filter>Header Files\ECS</Filter>
    </ClInclude>
    <ClInclude Include="ECS\Archetype.h">
      <Filter>Header Files\ECS</Filter>
    </ClInclude>
    <ClInclude Include="World\World.h">
      <Filter>Header Files\World</Filter>
    </ClInclude>
    <ClInclude Include="World\WorldScript.h">
      <Filter>Header Files\World</Filter>
    </ClInclude>
    <ClInclude Include="World\WorldSystem.h">
      <Filter>Header Files\World</Filter>
    </ClInclude>
    <ClInclude Include="Render\UI\Font.h">
      <Filter>Header Files\Render\UI</Filter>
    </ClInclude>
    <ClInclude Include="Render\UI\Character.h">
      <Filter>Header Files\Render\UI</Filter>
    </ClInclude>
    <ClInclude Include="Core\Math\Vector2Int.h">
      <Filter>Header Files\Core\Math</Filter>
    </ClInclude>
    <ClInclude Include="Helpers\Debug.h">
      <Filter>Header Files\Helpers</Filter>
    </ClInclude>
    <ClInclude Include="ECS\Components\Camera.h">
      <Filter>Header Files\ECS\Components</Filter>
    </ClInclude>
    <ClInclude Include="ECS\Components\PointLight.h">
      <Filter>Header Files\ECS\Components</Filter>
    </ClInclude>
    <ClInclude Include="Render\Material\Shaders.h">
      <Filter>Header Files\Render\Material</Filter>
    </ClInclude>
    <ClInclude Include="Resources\ExampleScene\Scripts\MoveCamera.h">
      <Filter>Header Files\Resources\ExampleScene\Scripts</Filter>
    </ClInclude>
    <ClInclude Include="Resources\Resource.h">
      <Filter>Header Files\Resources</Filter>
    </ClInclude>
    <ClInclude Include="Resources\ResourceImporter.h">
      <Filter>Header Files\Resources</Filter>
    </ClInclude>
    <ClInclude Include="Resources\ResourceLoader.h">
      <Filter>Header Files\Resources</Filter>
    </ClInclude>
    <ClInclude Include="Resources\TextureImporter.h">
      <Filter>Header Files\Resources</Filter>
    </ClInclude>
    <ClInclude Include="Resources\Types\Texture.h">
      <Filter>Header Files\Resources\Types</Filter>
    </ClInclude>
    <ClInclude Include="Resources\Types\Mesh.h">
      <Filter>Header Files\Resources\Types</Filter>
    </ClInclude>
    <ClInclude Include="Resources\Types\Material.h">
      <Filter>Header Files\Resources\Types</Filter>
    </ClInclude>
    <ClInclude Include="Render\Vertex.h">
      <Filter>Header Files\Render</Filter>
    </ClInclude>
    <ClInclude Include="Render\Color.h">
      <Filter>Header Files\Render</Filter>
    </ClInclude>
    <ClInclude Include="Resources\Types\Model.h">
      <Filter>Header Files\Resources\Types</Filter>
    </ClInclude>
    <ClInclude Include="Resources\ModelImporter.h">
      <Filter>Header Files\Resources</Filter>
    </ClInclude>
    <ClInclude Include="Render\D3D11\D3D11Renderer.h">
      <Filter>Header Files\Render\D3D11</Filter>
    </ClInclude>
    <ClInclude Include="Engine.h">
      <Filter>Header Files</Filter>
    </ClInclude>
    <ClInclude Include="Render\OpenGL\GLMeshInstance.h">
      <Filter>Header Files\Render\OpenGL</Filter>
    </ClInclude>
    <ClInclude Include="Render\OpenGL\GLRenderer.h">
      <Filter>Header Files\Render\OpenGL</Filter>
    </ClInclude>
    <ClInclude Include="Render\OpenGL\GLTextureInfo.h">
      <Filter>Header Files\Render\OpenGL</Filter>
    </ClInclude>
    <ClInclude Include="Platform\Windows\WindowsOS.h">
      <Filter>Header Files\Platform\Windows</Filter>
    </ClInclude>
    <ClInclude Include="Platform\Windows\WinHeader.h">
      <Filter>Header Files\Platform\Windows</Filter>
    </ClInclude>
    <ClInclude Include="Core\Exception.h">
      <Filter>Header Files\Core</Filter>
    </ClInclude>
    <ClInclude Include="Platform\Windows\Keyboard.h">
      <Filter>Header Files\Platform\Windows</Filter>
    </ClInclude>
    <ClInclude Include="Platform\Windows\Mouse.h">
      <Filter>Header Files\Platform\Windows</Filter>
    </ClInclude>
    <ClInclude Include="Render\D3D11\DXInfoManager.h">
      <Filter>Header Files\Render\D3D11</Filter>
    </ClInclude>
    <ClInclude Include="Render\D3D11\DXGraphicsExceptions.h">
      <Filter>Header Files\Render\D3D11</Filter>
    </ClInclude>
    <ClInclude Include="Platform\Windows\WinExceptions.h">
      <Filter>Header Files\Platform\Windows</Filter>
    </ClInclude>
    <ClInclude Include="Render\D3D11\DXMeshInstance.h">
      <Filter>Header Files\Render\D3D11</Filter>
    </ClInclude>
    <ClInclude Include="Render\D3D11\Bindables\Bindable.h">
      <Filter>Header Files\Render\D3D11\Bindables</Filter>
    </ClInclude>
    <ClInclude Include="Render\D3D11\Bindables\DXVertexBuffer.h">
      <Filter>Header Files\Render\D3D11\Bindables</Filter>
    </ClInclude>
    <ClInclude Include="Render\D3D11\Bindables\DXVertexShader.h">
      <Filter>Header Files\Render\D3D11\Bindables</Filter>
    </ClInclude>
    <ClInclude Include="Render\D3D11\Bindables\DXPixelShader.h">
      <Filter>Header Files\Render\D3D11\Bindables</Filter>
    </ClInclude>
    <ClInclude Include="Render\D3D11\Bindables\DXConstantBuffer.h">
      <Filter>Header Files\Render\D3D11\Bindables</Filter>
    </ClInclude>
    <ClInclude Include="Render\D3D11\Bindables\DXInputLayout.h">
      <Filter>Header Files\Render\D3D11\Bindables</Filter>
    </ClInclude>
    <ClInclude Include="Render\D3D11\Bindables\DXShader.h">
      <Filter>Header Files\Render\D3D11\Bindables</Filter>
    </ClInclude>
    <ClInclude Include="Render\D3D11\Bindables\DXIndexBuffer.h">
      <Filter>Header Files\Render\D3D11\Bindables</Filter>
    </ClInclude>
    <ClInclude Include="Render\D3D11\Bindables\DXTexture.h">
      <Filter>Header Files\Render\D3D11\Bindables</Filter>
    </ClInclude>
    <ClInclude Include="Render\D3D11\Bindables\DXSampler.h">
      <Filter>Header Files\Render\D3D11\Bindables</Filter>
    </ClInclude>
    <ClInclude Include="Input\InputEvent.h">
      <Filter>Header Files\Input</Filter>
    </ClInclude>
    <ClInclude Include="Helpers\DebugUIRenderer.h">
      <Filter>Header Files\Helpers</Filter>
    </ClInclude>
    <ClInclude Include="Core\Memory\HeapAllocator.h">
      <Filter>Header Files\Core\Memory</Filter>
    </ClInclude>
    <ClInclude Include="Core\DataStructures\ArrayChain.h">
      <Filter>Header Files\Core\DataStructures</Filter>
    </ClInclude>
    <ClInclude Include="Core\Memory\RBTree.h">
      <Filter>Header Files\Core\Memory</Filter>
    </ClInclude>
  </ItemGroup>
  <ItemGroup>
    <None Include="Engine.ini" />
    <None Include="cpp.hint" />
    <None Include="Resources\ExampleScene\example.world" />
  </ItemGroup>
  <ItemGroup>
    <FxCompile Include="Shaders\VertexShader.hlsl">
      <Filter>Shaders</Filter>
    </FxCompile>
    <FxCompile Include="PixelShader.hlsl">
      <Filter>Shaders</Filter>
    </FxCompile>
    <FxCompile Include="Shaders\TextVertexShader.hlsl">
      <Filter>Shaders</Filter>
    </FxCompile>
    <FxCompile Include="Shaders\TextPixelShader.hlsl">
      <Filter>Shaders</Filter>
    </FxCompile>
  </ItemGroup>
</Project>