<?xml version="1.0" encoding="utf-8"?>
<Project ToolsVersion="4.0" xmlns="http://schemas.microsoft.com/developer/msbuild/2003">
  <ItemGroup>
    <Filter Include="Source Files">
      <UniqueIdentifier>{4FC737F1-C7A5-4376-A066-2A32D752A2FF}</UniqueIdentifier>
      <Extensions>cpp;c;cc;cxx;def;odl;idl;hpj;bat;asm;asmx</Extensions>
    </Filter>
    <Filter Include="Header Files">
      <UniqueIdentifier>{93995380-89BD-4b04-88EB-625FBE52EBFB}</UniqueIdentifier>
      <Extensions>h;hh;hpp;hxx;hm;inl;inc;ipp;xsd</Extensions>
    </Filter>
    <Filter Include="Resource Files">
      <UniqueIdentifier>{67DA6AB6-F800-4c08-8B7A-83BB121AAD01}</UniqueIdentifier>
      <Extensions>rc;ico;cur;bmp;dlg;rc2;rct;bin;rgs;gif;jpg;jpeg;jpe;resx;tiff;tif;png;wav;mfcribbon-ms</Extensions>
    </Filter>
    <Filter Include="Header Files\Core">
      <UniqueIdentifier>{dca1a54c-5022-4dc1-b96b-0c17e1218d60}</UniqueIdentifier>
    </Filter>
    <Filter Include="Header Files\Core\Memory">
      <UniqueIdentifier>{7a8e31ac-c2f8-4a54-a108-0eadd26d427a}</UniqueIdentifier>
    </Filter>
    <Filter Include="Source Files\Core">
      <UniqueIdentifier>{b50aa7a7-5f72-45ff-9bef-705b6371a2e0}</UniqueIdentifier>
    </Filter>
    <Filter Include="Source Files\Core\Memory">
      <UniqueIdentifier>{1e003c31-c1dd-4b2b-b863-0b4a50e92928}</UniqueIdentifier>
    </Filter>
    <Filter Include="Header Files\Core\Math">
      <UniqueIdentifier>{7968f7e3-ac39-4265-8c62-03d3ad23a5ce}</UniqueIdentifier>
    </Filter>
    <Filter Include="Source Files\Core\Math">
      <UniqueIdentifier>{3a1f9f30-9468-49a9-9212-28cc3d38c37a}</UniqueIdentifier>
    </Filter>
    <Filter Include="Header Files\Core\IO">
      <UniqueIdentifier>{a4ab71c4-5ead-4932-83a3-35f5bf0df0ad}</UniqueIdentifier>
    </Filter>
    <Filter Include="Source Files\Core\IO">
      <UniqueIdentifier>{66b3af21-a737-42be-8f17-a9d61cbe5f01}</UniqueIdentifier>
    </Filter>
    <Filter Include="External">
      <UniqueIdentifier>{8b95cff9-f677-4bc0-8343-5640cbf7dcdc}</UniqueIdentifier>
    </Filter>
    <Filter Include="Header Files\Window">
      <UniqueIdentifier>{f2adfa81-baa5-4c18-a2d9-b495c9fcd27b}</UniqueIdentifier>
    </Filter>
    <Filter Include="Source Files\Window">
      <UniqueIdentifier>{f3d05e26-6a49-4362-bf7c-8f6b4b9d4701}</UniqueIdentifier>
    </Filter>
    <Filter Include="Header Files\Core\Time">
      <UniqueIdentifier>{9e2099da-9101-436b-9835-b015e6caeece}</UniqueIdentifier>
    </Filter>
    <Filter Include="Source Files\Core\Time">
      <UniqueIdentifier>{6bcc23b8-2641-4bfe-875f-80020f3ced89}</UniqueIdentifier>
    </Filter>
    <Filter Include="Header Files\Core\Config">
      <UniqueIdentifier>{b13e45ed-0a3f-47d5-ae63-8f37a6f56056}</UniqueIdentifier>
    </Filter>
    <Filter Include="Source Files\Core\Config">
      <UniqueIdentifier>{aefedaa3-5def-43ac-844f-7fc70431833a}</UniqueIdentifier>
    </Filter>
    <Filter Include="Header Files\Render">
      <UniqueIdentifier>{7dab1fbd-7632-4422-b29c-5a7fbb4424af}</UniqueIdentifier>
    </Filter>
    <Filter Include="Source Files\Render">
      <UniqueIdentifier>{94e1ca6a-3556-4a87-b582-9c35535de45d}</UniqueIdentifier>
    </Filter>
    <Filter Include="Header Files\Render\Shader">
      <UniqueIdentifier>{66426074-a810-4efa-bd14-5b9a3ded94b4}</UniqueIdentifier>
    </Filter>
    <Filter Include="Source Files\Render\Shader">
      <UniqueIdentifier>{48718b2b-95ca-48aa-9e74-5df1d21ed18f}</UniqueIdentifier>
    </Filter>
    <Filter Include="Source Files\Render\Texture">
      <UniqueIdentifier>{cb1b5f17-9f1a-412f-84e3-6a04be17b873}</UniqueIdentifier>
    </Filter>
    <Filter Include="Header Files\Render\Texture">
      <UniqueIdentifier>{0abb90f6-b399-489b-b1dc-0808b7f6807f}</UniqueIdentifier>
    </Filter>
    <Filter Include="Header Files\ECS">
      <UniqueIdentifier>{ed174215-b032-4bf7-a16e-87c140c87ad5}</UniqueIdentifier>
    </Filter>
    <Filter Include="Source Files\ECS">
      <UniqueIdentifier>{3abb6b90-0033-4be1-8b35-3b9962c38049}</UniqueIdentifier>
    </Filter>
    <Filter Include="Source Files\ECS\Components">
      <UniqueIdentifier>{59a9cf53-16da-4fc1-8c37-88b10af92f29}</UniqueIdentifier>
    </Filter>
    <Filter Include="Header Files\ECS\Components">
      <UniqueIdentifier>{d6cc6071-9479-4029-8270-175de25f96cb}</UniqueIdentifier>
    </Filter>
    <Filter Include="Header Files\Render\Models">
      <UniqueIdentifier>{0d6b3ae9-2cb9-4630-b35b-172918f26b15}</UniqueIdentifier>
    </Filter>
    <Filter Include="Source Files\Render\Models">
      <UniqueIdentifier>{06a06f35-42c2-4b5c-9fb1-3c7e88e85991}</UniqueIdentifier>
    </Filter>
    <Filter Include="Header Files\Input">
      <UniqueIdentifier>{2f42084d-e1e2-4341-b11e-50f1bcaede73}</UniqueIdentifier>
    </Filter>
    <Filter Include="Source Files\Input">
      <UniqueIdentifier>{a0e37d66-2366-4cd0-9c32-ac5ead3a9625}</UniqueIdentifier>
    </Filter>
  </ItemGroup>
  <ItemGroup>
    <ClCompile Include="TEngine.cpp">
      <Filter>Source Files</Filter>
    </ClCompile>
    <ClCompile Include="Core\Memory\StackAllocator.cpp">
      <Filter>Source Files\Core\Memory</Filter>
    </ClCompile>
    <ClCompile Include="Core\Memory\PoolAllocator.cpp">
      <Filter>Source Files\Core\Memory</Filter>
    </ClCompile>
    <ClCompile Include="Core\Math\Vector4.cpp">
      <Filter>Source Files\Core\Math</Filter>
    </ClCompile>
    <ClCompile Include="Core\IO\FileSystem.cpp">
      <Filter>Source Files\Core\IO</Filter>
    </ClCompile>
    <ClCompile Include="Core\Math\Vector3.cpp">
      <Filter>Source Files\Core\Math</Filter>
    </ClCompile>
    <ClCompile Include="Core\Math\Matrix4.cpp">
      <Filter>Source Files\Core\Math</Filter>
    </ClCompile>
    <ClCompile Include="Core\Math\TMath.cpp">
      <Filter>Source Files\Core\Math</Filter>
    </ClCompile>
    <ClCompile Include="Core\Math\Quat.cpp">
      <Filter>Source Files\Core\Math</Filter>
    </ClCompile>
    <ClCompile Include="..\..\Libs\glad\src\glad.c">
      <Filter>External</Filter>
    </ClCompile>
    <ClCompile Include="Window\WindowManager.cpp">
      <Filter>Source Files\Window</Filter>
    </ClCompile>
    <ClCompile Include="Core\Time\Clock.cpp">
      <Filter>Source Files\Core\Time</Filter>
    </ClCompile>
    <ClCompile Include="Loop.cpp">
      <Filter>Source Files</Filter>
    </ClCompile>
    <ClCompile Include="Core\Config\Config.cpp">
      <Filter>Source Files\Core\Config</Filter>
    </ClCompile>
    <ClCompile Include="Core\Config\ConfigVar.cpp">
      <Filter>Source Files\Core\Config</Filter>
    </ClCompile>
    <ClCompile Include="Core\Memory\Memory.cpp">
      <Filter>Source Files\Core\Memory</Filter>
    </ClCompile>
    <ClCompile Include="Game.cpp">
      <Filter>Source Files</Filter>
    </ClCompile>
    <ClCompile Include="Render\Shader\Shader.cpp">
      <Filter>Source Files\Render\Shader</Filter>
    </ClCompile>
    <ClCompile Include="Render\Texture\Texture.cpp">
      <Filter>Source Files\Render\Texture</Filter>
    </ClCompile>
    <ClCompile Include="External\stb_image.cpp">
      <Filter>External</Filter>
    </ClCompile>
    <ClCompile Include="ECS\Components\MeshComponent.cpp">
      <Filter>Source Files\ECS\Components</Filter>
    </ClCompile>
    <ClCompile Include="Render\Models\Mesh.cpp">
      <Filter>Source Files\Render\Models</Filter>
    </ClCompile>
    <ClCompile Include="Render\Models\Vertex.cpp">
      <Filter>Source Files\Render\Models</Filter>
    </ClCompile>
    <ClCompile Include="Core\Math\Vector2.cpp">
      <Filter>Source Files\Core\Math</Filter>
    </ClCompile>
    <ClCompile Include="ECS\Components\Transform.cpp">
      <Filter>Source Files\ECS\Components</Filter>
    </ClCompile>
    <ClCompile Include="Render\Models\Model.cpp">
      <Filter>Source Files\Render\Models</Filter>
    </ClCompile>
    <ClCompile Include="ECS\ComponentManager.cpp">
      <Filter>Source Files\ECS</Filter>
    </ClCompile>
    <ClCompile Include="Input\InputSystem.cpp">
      <Filter>Source Files\Input</Filter>
    </ClCompile>
    <ClCompile Include="Input\Input.cpp">
      <Filter>Source Files\Input</Filter>
    </ClCompile>
    <ClCompile Include="Render\RenderSystem.cpp">
      <Filter>Source Files\Render</Filter>
    </ClCompile>
    <ClCompile Include="ECS\EntityManager.cpp">
      <Filter>Source Files\ECS</Filter>
    </ClCompile>
  </ItemGroup>
  <ItemGroup>
    <ClInclude Include="Core\PortableTypes.h">
      <Filter>Header Files\Core</Filter>
    </ClInclude>
    <ClInclude Include="Core\Memory\PoolAllocator.h">
      <Filter>Header Files\Core\Memory</Filter>
    </ClInclude>
    <ClInclude Include="Core\Memory\StackAllocator.h">
      <Filter>Header Files\Core\Memory</Filter>
    </ClInclude>
    <ClInclude Include="Core\Math\Vector4.h">
      <Filter>Header Files\Core\Math</Filter>
    </ClInclude>
    <ClInclude Include="Core\IO\FileSystem.h">
      <Filter>Header Files\Core\IO</Filter>
    </ClInclude>
    <ClInclude Include="Core\Math\Vector3.h">
      <Filter>Header Files\Core\Math</Filter>
    </ClInclude>
    <ClInclude Include="Core\Math\Matrix4.h">
      <Filter>Header Files\Core\Math</Filter>
    </ClInclude>
    <ClInclude Include="Core\Math\TMath.h">
      <Filter>Header Files\Core\Math</Filter>
    </ClInclude>
    <ClInclude Include="Core\Math\Quat.h">
      <Filter>Header Files\Core\Math</Filter>
    </ClInclude>
    <ClInclude Include="Core\Core.h">
      <Filter>Header Files\Core</Filter>
    </ClInclude>
    <ClInclude Include="Window\WindowManager.h">
      <Filter>Header Files\Window</Filter>
    </ClInclude>
    <ClInclude Include="Core\Time\Clock.h">
      <Filter>Header Files\Core\Time</Filter>
    </ClInclude>
    <ClInclude Include="Loop.h">
      <Filter>Header Files</Filter>
    </ClInclude>
    <ClInclude Include="Core\Config\Config.h">
      <Filter>Header Files\Core\Config</Filter>
    </ClInclude>
    <ClInclude Include="Core\Config\ConfigVar.h">
      <Filter>Header Files\Core\Config</Filter>
    </ClInclude>
    <ClInclude Include="Core\Memory\Memory.h">
      <Filter>Header Files\Core\Memory</Filter>
    </ClInclude>
    <ClInclude Include="Game.h">
      <Filter>Header Files</Filter>
    </ClInclude>
    <ClInclude Include="Render\Shader\Shader.h">
      <Filter>Header Files\Render\Shader</Filter>
    </ClInclude>
    <ClInclude Include="Render\Texture\Texture.h">
      <Filter>Header Files\Render\Texture</Filter>
    </ClInclude>
    <ClInclude Include="External\stb_image.h">
      <Filter>External</Filter>
    </ClInclude>
    <ClInclude Include="ECS\Components\MeshComponent.h">
      <Filter>Header Files\ECS\Components</Filter>
    </ClInclude>
    <ClInclude Include="Render\Models\Mesh.h">
      <Filter>Header Files\Render\Models</Filter>
    </ClInclude>
    <ClInclude Include="Render\Models\Vertex.h">
      <Filter>Header Files\Render\Models</Filter>
    </ClInclude>
    <ClInclude Include="Core\Math\Vector2.h">
      <Filter>Header Files\Core\Math</Filter>
    </ClInclude>
    <ClInclude Include="ECS\Components\Transform.h">
      <Filter>Header Files\ECS\Components</Filter>
    </ClInclude>
    <ClInclude Include="Render\Models\Model.h">
      <Filter>Header Files\Render\Models</Filter>
    </ClInclude>
    <ClInclude Include="ECS\ComponentManager.h">
      <Filter>Header Files\ECS</Filter>
    </ClInclude>
    <ClInclude Include="Input\InputSystem.h">
      <Filter>Header Files\Input</Filter>
    </ClInclude>
    <ClInclude Include="Input\Input.h">
      <Filter>Header Files\Input</Filter>
    </ClInclude>
    <ClInclude Include="Input\KeyCode.h">
      <Filter>Header Files\Input</Filter>
    </ClInclude>
    <ClInclude Include="Render\RenderSystem.h">
      <Filter>Header Files\Render</Filter>
    </ClInclude>
    <ClInclude Include="ECS\EntityManager.h">
      <Filter>Header Files\ECS</Filter>
    </ClInclude>
  </ItemGroup>
  <ItemGroup>
    <None Include="Engine.ini" />
    <None Include="Shaders\Vertex\default.vert">
      <Filter>Resource Files</Filter>
    </None>
    <None Include="Shaders\Fragment\default.frag">
      <Filter>Resource Files</Filter>
    </None>
    <None Include="cpp.hint" />
  </ItemGroup>
</Project>