
Microsoft Visual Studio Solution File, Format Version 12.00
# Visual Studio Version 16
VisualStudioVersion = 16.0.29215.179
MinimumVisualStudioVersion = 10.0.40219.1
Project("{8BC9CEB8-8B4A-11D0-8D11-00A0C91BC942}") = "TEngine", "TEngine\TEngine.vcxproj", "{1BCFE66F-8CAE-46BA-9C7C-2EA4998329F0}"
EndProject
Project("{8BC9CEB8-8B4A-11D0-8D11-00A0C91BC942}") = "TEngineTests", "TEngineTests\TEngineTests.vcxproj", "{6D508397-D006-44B0-974C-F76F326E33EF}"
EndProject
Global
	GlobalSection(SolutionConfigurationPlatforms) = preSolution
		Debug|x64 = Debug|x64
		Debug|x86 = Debug|x86
		Release|x64 = Release|x64
		Release|x86 = Release|x86
	EndGlobalSection
	GlobalSection(ProjectConfigurationPlatforms) = postSolution
		{1BCFE66F-8CAE-46BA-9C7C-2EA4998329F0}.Debug|x64.ActiveCfg = Debug|x64
		{1BCFE66F-8CAE-46BA-9C7C-2EA4998329F0}.Debug|x64.Build.0 = Debug|x64
		{1BCFE66F-8CAE-46BA-9C7C-2EA4998329F0}.Debug|x86.ActiveCfg = Debug|Win32
		{1BCFE66F-8CAE-46BA-9C7C-2EA4998329F0}.Debug|x86.Build.0 = Debug|Win32
		{1BCFE66F-8CAE-46BA-9C7C-2EA4998329F0}.Release|x64.ActiveCfg = Release|x64
		{1BCFE66F-8CAE-46BA-9C7C-2EA4998329F0}.Release|x64.Build.0 = Release|x64
		{1BCFE66F-8CAE-46BA-9C7C-2EA4998329F0}.Release|x86.ActiveCfg = Release|Win32
		{1BCFE66F-8CAE-46BA-9C7C-2EA4998329F0}.Release|x86.Build.0 = Release|Win32
		{6D508397-D006-44B0-974C-F76F326E33EF}.Debug|x64.ActiveCfg = Debug|x64
		{6D508397-D006-44B0-974C-F76F326E33EF}.Debug|x64.Build.0 = Debug|x64
		{6D508397-D006-44B0-974C-F76F326E33EF}.Debug|x86.ActiveCfg = Debug|Win32
		{6D508397-D006-44B0-974C-F76F326E33EF}.Debug|x86.Build.0 = Debug|Win32
		{6D508397-D006-44B0-974C-F76F326E33EF}.Release|x64.ActiveCfg = Release|x64
		{6D508397-D006-44B0-974C-F76F326E33EF}.Release|x64.Build.0 = Release|x64
		{6D508397-D006-44B0-974C-F76F326E33EF}.Release|x86.ActiveCfg = Release|Win32
		{6D508397-D006-44B0-974C-F76F326E33EF}.Release|x86.Build.0 = Release|Win32
	EndGlobalSection
	GlobalSection(SolutionProperties) = preSolution
		HideSolutionNode = FALSE
	EndGlobalSection
	GlobalSection(ExtensibilityGlobals) = postSolution
		SolutionGuid = {75BBAE57-B0CE-4EA9-9950-9F58ABE648E2}
	EndGlobalSection
EndGlobal
